// !$*UTF8*$!
{
	archiveVersion = 1;
	classes = {
	};
	objectVersion = 55;
	objects = {

/* Begin PBXBuildFile section */
		01773F4427CB9A6A00D0F58C /* HomePresenter.swift in Sources */ = {isa = PBXBuildFile; fileRef = 01773F4327CB9A6A00D0F58C /* HomePresenter.swift */; };
		01773F4627CB9AF400D0F58C /* TabBarRouter.swift in Sources */ = {isa = PBXBuildFile; fileRef = 01773F4527CB9AF400D0F58C /* TabBarRouter.swift */; };
		01773F4927CBA3B100D0F58C /* AssemblyModuleBuilder.swift in Sources */ = {isa = PBXBuildFile; fileRef = 01773F4827CBA3B100D0F58C /* AssemblyModuleBuilder.swift */; };
		01773F4F27CBD86A00D0F58C /* DetailPresenter.swift in Sources */ = {isa = PBXBuildFile; fileRef = 01773F4E27CBD86A00D0F58C /* DetailPresenter.swift */; };
		01773F5227CC097500D0F58C /* DetailViewProtocol.swift in Sources */ = {isa = PBXBuildFile; fileRef = 01773F5127CC097500D0F58C /* DetailViewProtocol.swift */; };
		01773F5427CC098300D0F58C /* DetailViewPresenterProtocol.swift in Sources */ = {isa = PBXBuildFile; fileRef = 01773F5327CC098300D0F58C /* DetailViewPresenterProtocol.swift */; };
		01773F5727CC09F100D0F58C /* ViewProtocol.swift in Sources */ = {isa = PBXBuildFile; fileRef = 01773F5627CC09F100D0F58C /* ViewProtocol.swift */; };
		01773F5927CC09FD00D0F58C /* HomeViewProtocol.swift in Sources */ = {isa = PBXBuildFile; fileRef = 01773F5827CC09FD00D0F58C /* HomeViewProtocol.swift */; };
		01773F5B27CC0A1500D0F58C /* HomeViewPresenterProtocol.swift in Sources */ = {isa = PBXBuildFile; fileRef = 01773F5A27CC0A1500D0F58C /* HomeViewPresenterProtocol.swift */; };
		01773F5F27CC0E6400D0F58C /* Router.swift in Sources */ = {isa = PBXBuildFile; fileRef = 01773F5E27CC0E6400D0F58C /* Router.swift */; };
		01773F6127CC0E9800D0F58C /* RouterProtocol.swift in Sources */ = {isa = PBXBuildFile; fileRef = 01773F6027CC0E9800D0F58C /* RouterProtocol.swift */; };
		01773F6427CC0F8E00D0F58C /* TabBarRouterProtocol.swift in Sources */ = {isa = PBXBuildFile; fileRef = 01773F6327CC0F8E00D0F58C /* TabBarRouterProtocol.swift */; };
		01773F6627CC0FF800D0F58C /* RouterMain.swift in Sources */ = {isa = PBXBuildFile; fileRef = 01773F6527CC0FF800D0F58C /* RouterMain.swift */; };
		01773F6827CC136B00D0F58C /* DetailViewController+UICollectionViewDataSource.swift in Sources */ = {isa = PBXBuildFile; fileRef = 01773F6727CC136B00D0F58C /* DetailViewController+UICollectionViewDataSource.swift */; };
		01773F6A27CC13A300D0F58C /* DetailViewController+UICollectionViewDelegate.swift in Sources */ = {isa = PBXBuildFile; fileRef = 01773F6927CC13A300D0F58C /* DetailViewController+UICollectionViewDelegate.swift */; };
		01773F6E27CC14CD00D0F58C /* HomeViewController+UICollectionViewDelegate.swift in Sources */ = {isa = PBXBuildFile; fileRef = 01773F6D27CC14CD00D0F58C /* HomeViewController+UICollectionViewDelegate.swift */; };
		01773F7027CC14FC00D0F58C /* HomeViewController+UICollectionViewDataSource.swift in Sources */ = {isa = PBXBuildFile; fileRef = 01773F6F27CC14FC00D0F58C /* HomeViewController+UICollectionViewDataSource.swift */; };
		01773F7527CC15F300D0F58C /* AssemblyBuilderProtocol.swift in Sources */ = {isa = PBXBuildFile; fileRef = 01773F7427CC15F300D0F58C /* AssemblyBuilderProtocol.swift */; };
		01773F7927CC19FD00D0F58C /* NetworkManagerProtocol.swift in Sources */ = {isa = PBXBuildFile; fileRef = 01773F7827CC19FD00D0F58C /* NetworkManagerProtocol.swift */; };
		0186D90427D019A200476DE9 /* MovieCellPresenter.swift in Sources */ = {isa = PBXBuildFile; fileRef = 0186D90327D019A200476DE9 /* MovieCellPresenter.swift */; };
		0186D90927D0267200476DE9 /* MovieCellProtocol.swift in Sources */ = {isa = PBXBuildFile; fileRef = 0186D90827D0267200476DE9 /* MovieCellProtocol.swift */; };
		0186D90B27D0268C00476DE9 /* MovieCellPresenterProtocol.swift in Sources */ = {isa = PBXBuildFile; fileRef = 0186D90A27D0268C00476DE9 /* MovieCellPresenterProtocol.swift */; };
		0186D90F27D030AD00476DE9 /* HomeHeaderPresenterProtocol.swift in Sources */ = {isa = PBXBuildFile; fileRef = 0186D90E27D030AD00476DE9 /* HomeHeaderPresenterProtocol.swift */; };
		0186D91427D0319D00476DE9 /* HomeHeaderPresenter.swift in Sources */ = {isa = PBXBuildFile; fileRef = 0186D91327D0319D00476DE9 /* HomeHeaderPresenter.swift */; };
		0186D91627D0322500476DE9 /* HomeHeaderProtocol.swift in Sources */ = {isa = PBXBuildFile; fileRef = 0186D91527D0322500476DE9 /* HomeHeaderProtocol.swift */; };
		8915A45027C3E59700B4674C /* AppDelegate.swift in Sources */ = {isa = PBXBuildFile; fileRef = 8915A44F27C3E59700B4674C /* AppDelegate.swift */; };
		8915A45227C3E59700B4674C /* SceneDelegate.swift in Sources */ = {isa = PBXBuildFile; fileRef = 8915A45127C3E59700B4674C /* SceneDelegate.swift */; };
		8915A45427C3E59700B4674C /* HomeViewController.swift in Sources */ = {isa = PBXBuildFile; fileRef = 8915A45327C3E59700B4674C /* HomeViewController.swift */; };
		8915A45927C3E59900B4674C /* Assets.xcassets in Resources */ = {isa = PBXBuildFile; fileRef = 8915A45827C3E59900B4674C /* Assets.xcassets */; };
		8915A45C27C3E59900B4674C /* LaunchScreen.storyboard in Resources */ = {isa = PBXBuildFile; fileRef = 8915A45A27C3E59900B4674C /* LaunchScreen.storyboard */; };
		897F2AEB27C4F46A0080C3EE /* ImagineItIsHidden.swift in Sources */ = {isa = PBXBuildFile; fileRef = 897F2AEA27C4F46A0080C3EE /* ImagineItIsHidden.swift */; };
		897F2AED27C4FB520080C3EE /* HomeHeaderSupplementaryView.swift in Sources */ = {isa = PBXBuildFile; fileRef = 897F2AEC27C4FB520080C3EE /* HomeHeaderSupplementaryView.swift */; };
		897F2AEF27C5038C0080C3EE /* MovieModel.swift in Sources */ = {isa = PBXBuildFile; fileRef = 897F2AEE27C5038C0080C3EE /* MovieModel.swift */; };
		897F2AF127C50BD50080C3EE /* ProfileViewController.swift in Sources */ = {isa = PBXBuildFile; fileRef = 897F2AF027C50BD50080C3EE /* ProfileViewController.swift */; };
		899FB95F27C7C873005BC50D /* CastHeaderSupplementaryView.swift in Sources */ = {isa = PBXBuildFile; fileRef = 899FB95E27C7C873005BC50D /* CastHeaderSupplementaryView.swift */; };
		899FB96127C7CA5D005BC50D /* CastCollectionViewCell.swift in Sources */ = {isa = PBXBuildFile; fileRef = 899FB96027C7CA5D005BC50D /* CastCollectionViewCell.swift */; };
		899FB96327C80F73005BC50D /* CreditsModel.swift in Sources */ = {isa = PBXBuildFile; fileRef = 899FB96227C80F73005BC50D /* CreditsModel.swift */; };
		89A4427927C3EB7D00CADCC0 /* TabBar.swift in Sources */ = {isa = PBXBuildFile; fileRef = 89A4427827C3EB7D00CADCC0 /* TabBar.swift */; };
		89A4427B27C4056800CADCC0 /* MovieCollectionViewCell.swift in Sources */ = {isa = PBXBuildFile; fileRef = 89A4427A27C4056800CADCC0 /* MovieCollectionViewCell.swift */; };
		89A4428127C41DDA00CADCC0 /* NetworkManager.swift in Sources */ = {isa = PBXBuildFile; fileRef = 89A4428027C41DDA00CADCC0 /* NetworkManager.swift */; };
		89A8789927C8E38F0011CBBA /* DetailsModel.swift in Sources */ = {isa = PBXBuildFile; fileRef = 89A8789827C8E38F0011CBBA /* DetailsModel.swift */; };
		89D2C06327C6971200BFA57B /* DetailViewController.swift in Sources */ = {isa = PBXBuildFile; fileRef = 89D2C06227C6971200BFA57B /* DetailViewController.swift */; };
		A1422BE8BC9728CEAA85E085 /* Pods_MovieApp.framework in Frameworks */ = {isa = PBXBuildFile; fileRef = B90057B463AE0173270C995B /* Pods_MovieApp.framework */; };
/* End PBXBuildFile section */

/* Begin PBXFileReference section */
		01773F4327CB9A6A00D0F58C /* HomePresenter.swift */ = {isa = PBXFileReference; lastKnownFileType = sourcecode.swift; path = HomePresenter.swift; sourceTree = "<group>"; };
		01773F4527CB9AF400D0F58C /* TabBarRouter.swift */ = {isa = PBXFileReference; lastKnownFileType = sourcecode.swift; path = TabBarRouter.swift; sourceTree = "<group>"; };
		01773F4827CBA3B100D0F58C /* AssemblyModuleBuilder.swift */ = {isa = PBXFileReference; lastKnownFileType = sourcecode.swift; path = AssemblyModuleBuilder.swift; sourceTree = "<group>"; };
		01773F4E27CBD86A00D0F58C /* DetailPresenter.swift */ = {isa = PBXFileReference; lastKnownFileType = sourcecode.swift; path = DetailPresenter.swift; sourceTree = "<group>"; };
		01773F5127CC097500D0F58C /* DetailViewProtocol.swift */ = {isa = PBXFileReference; lastKnownFileType = sourcecode.swift; path = DetailViewProtocol.swift; sourceTree = "<group>"; };
		01773F5327CC098300D0F58C /* DetailViewPresenterProtocol.swift */ = {isa = PBXFileReference; lastKnownFileType = sourcecode.swift; path = DetailViewPresenterProtocol.swift; sourceTree = "<group>"; };
		01773F5627CC09F100D0F58C /* ViewProtocol.swift */ = {isa = PBXFileReference; lastKnownFileType = sourcecode.swift; path = ViewProtocol.swift; sourceTree = "<group>"; };
		01773F5827CC09FD00D0F58C /* HomeViewProtocol.swift */ = {isa = PBXFileReference; lastKnownFileType = sourcecode.swift; path = HomeViewProtocol.swift; sourceTree = "<group>"; };
		01773F5A27CC0A1500D0F58C /* HomeViewPresenterProtocol.swift */ = {isa = PBXFileReference; lastKnownFileType = sourcecode.swift; path = HomeViewPresenterProtocol.swift; sourceTree = "<group>"; };
		01773F5E27CC0E6400D0F58C /* Router.swift */ = {isa = PBXFileReference; lastKnownFileType = sourcecode.swift; path = Router.swift; sourceTree = "<group>"; };
		01773F6027CC0E9800D0F58C /* RouterProtocol.swift */ = {isa = PBXFileReference; lastKnownFileType = sourcecode.swift; path = RouterProtocol.swift; sourceTree = "<group>"; };
		01773F6327CC0F8E00D0F58C /* TabBarRouterProtocol.swift */ = {isa = PBXFileReference; lastKnownFileType = sourcecode.swift; path = TabBarRouterProtocol.swift; sourceTree = "<group>"; };
		01773F6527CC0FF800D0F58C /* RouterMain.swift */ = {isa = PBXFileReference; lastKnownFileType = sourcecode.swift; path = RouterMain.swift; sourceTree = "<group>"; };
		01773F6727CC136B00D0F58C /* DetailViewController+UICollectionViewDataSource.swift */ = {isa = PBXFileReference; lastKnownFileType = sourcecode.swift; path = "DetailViewController+UICollectionViewDataSource.swift"; sourceTree = "<group>"; };
		01773F6927CC13A300D0F58C /* DetailViewController+UICollectionViewDelegate.swift */ = {isa = PBXFileReference; lastKnownFileType = sourcecode.swift; path = "DetailViewController+UICollectionViewDelegate.swift"; sourceTree = "<group>"; };
		01773F6D27CC14CD00D0F58C /* HomeViewController+UICollectionViewDelegate.swift */ = {isa = PBXFileReference; lastKnownFileType = sourcecode.swift; path = "HomeViewController+UICollectionViewDelegate.swift"; sourceTree = "<group>"; };
		01773F6F27CC14FC00D0F58C /* HomeViewController+UICollectionViewDataSource.swift */ = {isa = PBXFileReference; lastKnownFileType = sourcecode.swift; path = "HomeViewController+UICollectionViewDataSource.swift"; sourceTree = "<group>"; };
		01773F7427CC15F300D0F58C /* AssemblyBuilderProtocol.swift */ = {isa = PBXFileReference; lastKnownFileType = sourcecode.swift; path = AssemblyBuilderProtocol.swift; sourceTree = "<group>"; };
		01773F7827CC19FD00D0F58C /* NetworkManagerProtocol.swift */ = {isa = PBXFileReference; lastKnownFileType = sourcecode.swift; path = NetworkManagerProtocol.swift; sourceTree = "<group>"; };
		0186D90327D019A200476DE9 /* MovieCellPresenter.swift */ = {isa = PBXFileReference; lastKnownFileType = sourcecode.swift; path = MovieCellPresenter.swift; sourceTree = "<group>"; };
		0186D90827D0267200476DE9 /* MovieCellProtocol.swift */ = {isa = PBXFileReference; lastKnownFileType = sourcecode.swift; path = MovieCellProtocol.swift; sourceTree = "<group>"; };
		0186D90A27D0268C00476DE9 /* MovieCellPresenterProtocol.swift */ = {isa = PBXFileReference; lastKnownFileType = sourcecode.swift; path = MovieCellPresenterProtocol.swift; sourceTree = "<group>"; };
		0186D90E27D030AD00476DE9 /* HomeHeaderPresenterProtocol.swift */ = {isa = PBXFileReference; lastKnownFileType = sourcecode.swift; path = HomeHeaderPresenterProtocol.swift; sourceTree = "<group>"; };
		0186D91327D0319D00476DE9 /* HomeHeaderPresenter.swift */ = {isa = PBXFileReference; lastKnownFileType = sourcecode.swift; path = HomeHeaderPresenter.swift; sourceTree = "<group>"; };
		0186D91527D0322500476DE9 /* HomeHeaderProtocol.swift */ = {isa = PBXFileReference; lastKnownFileType = sourcecode.swift; path = HomeHeaderProtocol.swift; sourceTree = "<group>"; };
		8915A44C27C3E59700B4674C /* MovieApp.app */ = {isa = PBXFileReference; explicitFileType = wrapper.application; includeInIndex = 0; path = MovieApp.app; sourceTree = BUILT_PRODUCTS_DIR; };
		8915A44F27C3E59700B4674C /* AppDelegate.swift */ = {isa = PBXFileReference; lastKnownFileType = sourcecode.swift; path = AppDelegate.swift; sourceTree = "<group>"; };
		8915A45127C3E59700B4674C /* SceneDelegate.swift */ = {isa = PBXFileReference; lastKnownFileType = sourcecode.swift; path = SceneDelegate.swift; sourceTree = "<group>"; };
		8915A45327C3E59700B4674C /* HomeViewController.swift */ = {isa = PBXFileReference; lastKnownFileType = sourcecode.swift; path = HomeViewController.swift; sourceTree = "<group>"; };
		8915A45827C3E59900B4674C /* Assets.xcassets */ = {isa = PBXFileReference; lastKnownFileType = folder.assetcatalog; path = Assets.xcassets; sourceTree = "<group>"; };
		8915A45B27C3E59900B4674C /* Base */ = {isa = PBXFileReference; lastKnownFileType = file.storyboard; name = Base; path = Base.lproj/LaunchScreen.storyboard; sourceTree = "<group>"; };
		8915A45D27C3E59900B4674C /* Info.plist */ = {isa = PBXFileReference; lastKnownFileType = text.plist.xml; path = Info.plist; sourceTree = "<group>"; };
		897F2AEA27C4F46A0080C3EE /* ImagineItIsHidden.swift */ = {isa = PBXFileReference; lastKnownFileType = sourcecode.swift; path = ImagineItIsHidden.swift; sourceTree = "<group>"; };
		897F2AEC27C4FB520080C3EE /* HomeHeaderSupplementaryView.swift */ = {isa = PBXFileReference; lastKnownFileType = sourcecode.swift; path = HomeHeaderSupplementaryView.swift; sourceTree = "<group>"; };
		897F2AEE27C5038C0080C3EE /* MovieModel.swift */ = {isa = PBXFileReference; lastKnownFileType = sourcecode.swift; path = MovieModel.swift; sourceTree = "<group>"; };
		897F2AF027C50BD50080C3EE /* ProfileViewController.swift */ = {isa = PBXFileReference; lastKnownFileType = sourcecode.swift; path = ProfileViewController.swift; sourceTree = "<group>"; };
		899FB95E27C7C873005BC50D /* CastHeaderSupplementaryView.swift */ = {isa = PBXFileReference; lastKnownFileType = sourcecode.swift; path = CastHeaderSupplementaryView.swift; sourceTree = "<group>"; };
		899FB96027C7CA5D005BC50D /* CastCollectionViewCell.swift */ = {isa = PBXFileReference; lastKnownFileType = sourcecode.swift; path = CastCollectionViewCell.swift; sourceTree = "<group>"; };
		899FB96227C80F73005BC50D /* CreditsModel.swift */ = {isa = PBXFileReference; lastKnownFileType = sourcecode.swift; path = CreditsModel.swift; sourceTree = "<group>"; };
		89A4427827C3EB7D00CADCC0 /* TabBar.swift */ = {isa = PBXFileReference; lastKnownFileType = sourcecode.swift; path = TabBar.swift; sourceTree = "<group>"; };
		89A4427A27C4056800CADCC0 /* MovieCollectionViewCell.swift */ = {isa = PBXFileReference; lastKnownFileType = sourcecode.swift; path = MovieCollectionViewCell.swift; sourceTree = "<group>"; };
		89A4428027C41DDA00CADCC0 /* NetworkManager.swift */ = {isa = PBXFileReference; lastKnownFileType = sourcecode.swift; path = NetworkManager.swift; sourceTree = "<group>"; };
		89A8789827C8E38F0011CBBA /* DetailsModel.swift */ = {isa = PBXFileReference; lastKnownFileType = sourcecode.swift; path = DetailsModel.swift; sourceTree = "<group>"; };
		89D2C06227C6971200BFA57B /* DetailViewController.swift */ = {isa = PBXFileReference; lastKnownFileType = sourcecode.swift; path = DetailViewController.swift; sourceTree = "<group>"; };
		B7F35ED29D9693BBD9C3B3B4 /* Pods-MovieApp.release.xcconfig */ = {isa = PBXFileReference; includeInIndex = 1; lastKnownFileType = text.xcconfig; name = "Pods-MovieApp.release.xcconfig"; path = "Target Support Files/Pods-MovieApp/Pods-MovieApp.release.xcconfig"; sourceTree = "<group>"; };
		B90057B463AE0173270C995B /* Pods_MovieApp.framework */ = {isa = PBXFileReference; explicitFileType = wrapper.framework; includeInIndex = 0; path = Pods_MovieApp.framework; sourceTree = BUILT_PRODUCTS_DIR; };
		DAA9F1E6F72BE3163C37CFE1 /* Pods-MovieApp.debug.xcconfig */ = {isa = PBXFileReference; includeInIndex = 1; lastKnownFileType = text.xcconfig; name = "Pods-MovieApp.debug.xcconfig"; path = "Target Support Files/Pods-MovieApp/Pods-MovieApp.debug.xcconfig"; sourceTree = "<group>"; };
/* End PBXFileReference section */

/* Begin PBXFrameworksBuildPhase section */
		8915A44927C3E59700B4674C /* Frameworks */ = {
			isa = PBXFrameworksBuildPhase;
			buildActionMask = 2147483647;
			files = (
				A1422BE8BC9728CEAA85E085 /* Pods_MovieApp.framework in Frameworks */,
			);
			runOnlyForDeploymentPostprocessing = 0;
		};
/* End PBXFrameworksBuildPhase section */

/* Begin PBXGroup section */
		01773F4027CB985C00D0F58C /* HomeModule */ = {
			isa = PBXGroup;
			children = (
				01773F4C27CBA51C00D0F58C /* Model */,
				01773F4127CB988900D0F58C /* View */,
				01773F4227CB989000D0F58C /* Presenter */,
				01773F5527CC09B200D0F58C /* Protocols */,
			);
			path = HomeModule;
			sourceTree = "<group>";
		};
		01773F4127CB988900D0F58C /* View */ = {
			isa = PBXGroup;
			children = (
				0186D90627D0240700476DE9 /* Controller */,
				0186D90727D0242900476DE9 /* Cells */,
				0186D91227D030EB00476DE9 /* Headers */,
			);
			path = View;
			sourceTree = "<group>";
		};
		01773F4227CB989000D0F58C /* Presenter */ = {
			isa = PBXGroup;
			children = (
				01773F4327CB9A6A00D0F58C /* HomePresenter.swift */,
				0186D90327D019A200476DE9 /* MovieCellPresenter.swift */,
				0186D91327D0319D00476DE9 /* HomeHeaderPresenter.swift */,
			);
			path = Presenter;
			sourceTree = "<group>";
		};
		01773F4727CBA2D100D0F58C /* DetailModule */ = {
			isa = PBXGroup;
			children = (
				01773F4D27CBA53C00D0F58C /* Model */,
				01773F4B27CBA4F100D0F58C /* View */,
				01773F4A27CBA4E000D0F58C /* Presenter */,
				01773F5027CC094B00D0F58C /* Protocols */,
			);
			path = DetailModule;
			sourceTree = "<group>";
		};
		01773F4A27CBA4E000D0F58C /* Presenter */ = {
			isa = PBXGroup;
			children = (
				01773F4E27CBD86A00D0F58C /* DetailPresenter.swift */,
			);
			path = Presenter;
			sourceTree = "<group>";
		};
		01773F4B27CBA4F100D0F58C /* View */ = {
			isa = PBXGroup;
			children = (
				89D2C06227C6971200BFA57B /* DetailViewController.swift */,
				01773F6727CC136B00D0F58C /* DetailViewController+UICollectionViewDataSource.swift */,
				01773F6927CC13A300D0F58C /* DetailViewController+UICollectionViewDelegate.swift */,
			);
			path = View;
			sourceTree = "<group>";
		};
		01773F4C27CBA51C00D0F58C /* Model */ = {
			isa = PBXGroup;
			children = (
				897F2AEE27C5038C0080C3EE /* MovieModel.swift */,
			);
			path = Model;
			sourceTree = "<group>";
		};
		01773F4D27CBA53C00D0F58C /* Model */ = {
			isa = PBXGroup;
			children = (
				899FB96227C80F73005BC50D /* CreditsModel.swift */,
				89A8789827C8E38F0011CBBA /* DetailsModel.swift */,
			);
			path = Model;
			sourceTree = "<group>";
		};
		01773F5027CC094B00D0F58C /* Protocols */ = {
			isa = PBXGroup;
			children = (
				01773F5127CC097500D0F58C /* DetailViewProtocol.swift */,
				01773F5327CC098300D0F58C /* DetailViewPresenterProtocol.swift */,
			);
			path = Protocols;
			sourceTree = "<group>";
		};
		01773F5527CC09B200D0F58C /* Protocols */ = {
			isa = PBXGroup;
			children = (
				01773F5627CC09F100D0F58C /* ViewProtocol.swift */,
				01773F5827CC09FD00D0F58C /* HomeViewProtocol.swift */,
				01773F5A27CC0A1500D0F58C /* HomeViewPresenterProtocol.swift */,
				0186D90827D0267200476DE9 /* MovieCellProtocol.swift */,
				0186D90A27D0268C00476DE9 /* MovieCellPresenterProtocol.swift */,
				0186D91527D0322500476DE9 /* HomeHeaderProtocol.swift */,
				0186D90E27D030AD00476DE9 /* HomeHeaderPresenterProtocol.swift */,
			);
			path = Protocols;
			sourceTree = "<group>";
		};
		01773F5C27CC0D6400D0F58C /* MoviesModule */ = {
			isa = PBXGroup;
			children = (
				01773F5D27CC0D8E00D0F58C /* Router */,
				01773F4027CB985C00D0F58C /* HomeModule */,
				01773F4727CBA2D100D0F58C /* DetailModule */,
			);
			path = MoviesModule;
			sourceTree = "<group>";
		};
		01773F5D27CC0D8E00D0F58C /* Router */ = {
			isa = PBXGroup;
			children = (
				01773F5E27CC0E6400D0F58C /* Router.swift */,
				01773F6027CC0E9800D0F58C /* RouterProtocol.swift */,
			);
			path = Router;
			sourceTree = "<group>";
		};
		01773F6227CC0F5500D0F58C /* TabBar */ = {
			isa = PBXGroup;
			children = (
				89A4427827C3EB7D00CADCC0 /* TabBar.swift */,
				01773F4527CB9AF400D0F58C /* TabBarRouter.swift */,
				01773F6327CC0F8E00D0F58C /* TabBarRouterProtocol.swift */,
			);
			path = TabBar;
			sourceTree = "<group>";
		};
		01773F7327CC15E200D0F58C /* Assembly */ = {
			isa = PBXGroup;
			children = (
				01773F4827CBA3B100D0F58C /* AssemblyModuleBuilder.swift */,
				01773F7427CC15F300D0F58C /* AssemblyBuilderProtocol.swift */,
			);
			path = Assembly;
			sourceTree = "<group>";
		};
		01773F7627CC170F00D0F58C /* ToDo */ = {
			isa = PBXGroup;
			children = (
				89A4427D27C41D8300CADCC0 /* View */,
				89A4427C27C41D6700CADCC0 /* Controller */,
			);
			path = ToDo;
			sourceTree = "<group>";
		};
		01773F7727CC19DF00D0F58C /* Protocols */ = {
			isa = PBXGroup;
			children = (
				01773F7827CC19FD00D0F58C /* NetworkManagerProtocol.swift */,
			);
			path = Protocols;
			sourceTree = "<group>";
		};
		0186D90627D0240700476DE9 /* Controller */ = {
			isa = PBXGroup;
			children = (
				8915A45327C3E59700B4674C /* HomeViewController.swift */,
				01773F6F27CC14FC00D0F58C /* HomeViewController+UICollectionViewDataSource.swift */,
				01773F6D27CC14CD00D0F58C /* HomeViewController+UICollectionViewDelegate.swift */,
			);
			path = Controller;
			sourceTree = "<group>";
		};
		0186D90727D0242900476DE9 /* Cells */ = {
			isa = PBXGroup;
			children = (
				89A4427A27C4056800CADCC0 /* MovieCollectionViewCell.swift */,
			);
			path = Cells;
			sourceTree = "<group>";
		};
		0186D91227D030EB00476DE9 /* Headers */ = {
			isa = PBXGroup;
			children = (
				897F2AEC27C4FB520080C3EE /* HomeHeaderSupplementaryView.swift */,
			);
			path = Headers;
			sourceTree = "<group>";
		};
		4606EB10015FDA639CB4860E /* Pods */ = {
			isa = PBXGroup;
			children = (
				DAA9F1E6F72BE3163C37CFE1 /* Pods-MovieApp.debug.xcconfig */,
				B7F35ED29D9693BBD9C3B3B4 /* Pods-MovieApp.release.xcconfig */,
			);
			path = Pods;
			sourceTree = "<group>";
		};
		48F37FD1636C4D4532C9E88E /* Frameworks */ = {
			isa = PBXGroup;
			children = (
				B90057B463AE0173270C995B /* Pods_MovieApp.framework */,
			);
			name = Frameworks;
			sourceTree = "<group>";
		};
		8915A44327C3E59700B4674C = {
			isa = PBXGroup;
			children = (
				8915A44E27C3E59700B4674C /* MovieApp */,
				8915A44D27C3E59700B4674C /* Products */,
				4606EB10015FDA639CB4860E /* Pods */,
				48F37FD1636C4D4532C9E88E /* Frameworks */,
			);
			sourceTree = "<group>";
		};
		8915A44D27C3E59700B4674C /* Products */ = {
			isa = PBXGroup;
			children = (
				8915A44C27C3E59700B4674C /* MovieApp.app */,
			);
			name = Products;
			sourceTree = "<group>";
		};
		8915A44E27C3E59700B4674C /* MovieApp */ = {
			isa = PBXGroup;
			children = (
				8915A44F27C3E59700B4674C /* AppDelegate.swift */,
				8915A45127C3E59700B4674C /* SceneDelegate.swift */,
				01773F6227CC0F5500D0F58C /* TabBar */,
				01773F5C27CC0D6400D0F58C /* MoviesModule */,
				01773F7627CC170F00D0F58C /* ToDo */,
				89A4427F27C41DC000CADCC0 /* Managers */,
				8915A45827C3E59900B4674C /* Assets.xcassets */,
				8915A45A27C3E59900B4674C /* LaunchScreen.storyboard */,
				8915A45D27C3E59900B4674C /* Info.plist */,
				897F2AEA27C4F46A0080C3EE /* ImagineItIsHidden.swift */,
				01773F7327CC15E200D0F58C /* Assembly */,
				01773F6527CC0FF800D0F58C /* RouterMain.swift */,
			);
			path = MovieApp;
			sourceTree = "<group>";
		};
		89A4427C27C41D6700CADCC0 /* Controller */ = {
			isa = PBXGroup;
			children = (
				897F2AF027C50BD50080C3EE /* ProfileViewController.swift */,
			);
			path = Controller;
			sourceTree = "<group>";
		};
		89A4427D27C41D8300CADCC0 /* View */ = {
			isa = PBXGroup;
			children = (
				899FB95E27C7C873005BC50D /* CastHeaderSupplementaryView.swift */,
				899FB96027C7CA5D005BC50D /* CastCollectionViewCell.swift */,
			);
			path = View;
			sourceTree = "<group>";
		};
		89A4427F27C41DC000CADCC0 /* Managers */ = {
			isa = PBXGroup;
			children = (
				89A4428027C41DDA00CADCC0 /* NetworkManager.swift */,
				01773F7727CC19DF00D0F58C /* Protocols */,
			);
			path = Managers;
			sourceTree = "<group>";
		};
/* End PBXGroup section */

/* Begin PBXNativeTarget section */
		8915A44B27C3E59700B4674C /* MovieApp */ = {
			isa = PBXNativeTarget;
			buildConfigurationList = 8915A46027C3E59900B4674C /* Build configuration list for PBXNativeTarget "MovieApp" */;
			buildPhases = (
				FF4FCC907EAAC93F4EC9F113 /* [CP] Check Pods Manifest.lock */,
				8915A44827C3E59700B4674C /* Sources */,
				8915A44927C3E59700B4674C /* Frameworks */,
				8915A44A27C3E59700B4674C /* Resources */,
				09BD741C0D5FE0B19AA1BDF0 /* [CP] Embed Pods Frameworks */,
			);
			buildRules = (
			);
			dependencies = (
			);
			name = MovieApp;
			productName = MovieApp;
			productReference = 8915A44C27C3E59700B4674C /* MovieApp.app */;
			productType = "com.apple.product-type.application";
		};
/* End PBXNativeTarget section */

/* Begin PBXProject section */
		8915A44427C3E59700B4674C /* Project object */ = {
			isa = PBXProject;
			attributes = {
				BuildIndependentTargetsInParallel = 1;
				LastSwiftUpdateCheck = 1310;
				LastUpgradeCheck = 1310;
				TargetAttributes = {
					8915A44B27C3E59700B4674C = {
						CreatedOnToolsVersion = 13.1;
					};
				};
			};
			buildConfigurationList = 8915A44727C3E59700B4674C /* Build configuration list for PBXProject "MovieApp" */;
			compatibilityVersion = "Xcode 13.0";
			developmentRegion = en;
			hasScannedForEncodings = 0;
			knownRegions = (
				en,
				Base,
			);
			mainGroup = 8915A44327C3E59700B4674C;
			productRefGroup = 8915A44D27C3E59700B4674C /* Products */;
			projectDirPath = "";
			projectRoot = "";
			targets = (
				8915A44B27C3E59700B4674C /* MovieApp */,
			);
		};
/* End PBXProject section */

/* Begin PBXResourcesBuildPhase section */
		8915A44A27C3E59700B4674C /* Resources */ = {
			isa = PBXResourcesBuildPhase;
			buildActionMask = 2147483647;
			files = (
				8915A45C27C3E59900B4674C /* LaunchScreen.storyboard in Resources */,
				8915A45927C3E59900B4674C /* Assets.xcassets in Resources */,
			);
			runOnlyForDeploymentPostprocessing = 0;
		};
/* End PBXResourcesBuildPhase section */

/* Begin PBXShellScriptBuildPhase section */
		09BD741C0D5FE0B19AA1BDF0 /* [CP] Embed Pods Frameworks */ = {
			isa = PBXShellScriptBuildPhase;
			buildActionMask = 2147483647;
			files = (
			);
			inputFileListPaths = (
				"${PODS_ROOT}/Target Support Files/Pods-MovieApp/Pods-MovieApp-frameworks-${CONFIGURATION}-input-files.xcfilelist",
			);
			name = "[CP] Embed Pods Frameworks";
			outputFileListPaths = (
				"${PODS_ROOT}/Target Support Files/Pods-MovieApp/Pods-MovieApp-frameworks-${CONFIGURATION}-output-files.xcfilelist",
			);
			runOnlyForDeploymentPostprocessing = 0;
			shellPath = /bin/sh;
			shellScript = "\"${PODS_ROOT}/Target Support Files/Pods-MovieApp/Pods-MovieApp-frameworks.sh\"\n";
			showEnvVarsInLog = 0;
		};
		FF4FCC907EAAC93F4EC9F113 /* [CP] Check Pods Manifest.lock */ = {
			isa = PBXShellScriptBuildPhase;
			buildActionMask = 2147483647;
			files = (
			);
			inputFileListPaths = (
			);
			inputPaths = (
				"${PODS_PODFILE_DIR_PATH}/Podfile.lock",
				"${PODS_ROOT}/Manifest.lock",
			);
			name = "[CP] Check Pods Manifest.lock";
			outputFileListPaths = (
			);
			outputPaths = (
				"$(DERIVED_FILE_DIR)/Pods-MovieApp-checkManifestLockResult.txt",
			);
			runOnlyForDeploymentPostprocessing = 0;
			shellPath = /bin/sh;
			shellScript = "diff \"${PODS_PODFILE_DIR_PATH}/Podfile.lock\" \"${PODS_ROOT}/Manifest.lock\" > /dev/null\nif [ $? != 0 ] ; then\n    # print error to STDERR\n    echo \"error: The sandbox is not in sync with the Podfile.lock. Run 'pod install' or update your CocoaPods installation.\" >&2\n    exit 1\nfi\n# This output is used by Xcode 'outputs' to avoid re-running this script phase.\necho \"SUCCESS\" > \"${SCRIPT_OUTPUT_FILE_0}\"\n";
			showEnvVarsInLog = 0;
		};
/* End PBXShellScriptBuildPhase section */

/* Begin PBXSourcesBuildPhase section */
		8915A44827C3E59700B4674C /* Sources */ = {
			isa = PBXSourcesBuildPhase;
			buildActionMask = 2147483647;
			files = (
				0186D90927D0267200476DE9 /* MovieCellProtocol.swift in Sources */,
				01773F6427CC0F8E00D0F58C /* TabBarRouterProtocol.swift in Sources */,
				01773F5B27CC0A1500D0F58C /* HomeViewPresenterProtocol.swift in Sources */,
				01773F7527CC15F300D0F58C /* AssemblyBuilderProtocol.swift in Sources */,
				899FB96327C80F73005BC50D /* CreditsModel.swift in Sources */,
				01773F5F27CC0E6400D0F58C /* Router.swift in Sources */,
				0186D90F27D030AD00476DE9 /* HomeHeaderPresenterProtocol.swift in Sources */,
				89D2C06327C6971200BFA57B /* DetailViewController.swift in Sources */,
				899FB96127C7CA5D005BC50D /* CastCollectionViewCell.swift in Sources */,
				89A4428127C41DDA00CADCC0 /* NetworkManager.swift in Sources */,
				89A4427B27C4056800CADCC0 /* MovieCollectionViewCell.swift in Sources */,
				897F2AF127C50BD50080C3EE /* ProfileViewController.swift in Sources */,
				01773F6127CC0E9800D0F58C /* RouterProtocol.swift in Sources */,
				89A8789927C8E38F0011CBBA /* DetailsModel.swift in Sources */,
				01773F7927CC19FD00D0F58C /* NetworkManagerProtocol.swift in Sources */,
				0186D91627D0322500476DE9 /* HomeHeaderProtocol.swift in Sources */,
				8915A45427C3E59700B4674C /* HomeViewController.swift in Sources */,
				0186D90B27D0268C00476DE9 /* MovieCellPresenterProtocol.swift in Sources */,
				0186D90427D019A200476DE9 /* MovieCellPresenter.swift in Sources */,
				01773F6827CC136B00D0F58C /* DetailViewController+UICollectionViewDataSource.swift in Sources */,
				01773F6E27CC14CD00D0F58C /* HomeViewController+UICollectionViewDelegate.swift in Sources */,
				8915A45027C3E59700B4674C /* AppDelegate.swift in Sources */,
				01773F5427CC098300D0F58C /* DetailViewPresenterProtocol.swift in Sources */,
				8915A45227C3E59700B4674C /* SceneDelegate.swift in Sources */,
				01773F7027CC14FC00D0F58C /* HomeViewController+UICollectionViewDataSource.swift in Sources */,
				01773F4F27CBD86A00D0F58C /* DetailPresenter.swift in Sources */,
				01773F4627CB9AF400D0F58C /* TabBarRouter.swift in Sources */,
				01773F4927CBA3B100D0F58C /* AssemblyModuleBuilder.swift in Sources */,
				897F2AED27C4FB520080C3EE /* HomeHeaderSupplementaryView.swift in Sources */,
				899FB95F27C7C873005BC50D /* CastHeaderSupplementaryView.swift in Sources */,
				897F2AEF27C5038C0080C3EE /* MovieModel.swift in Sources */,
				897F2AEB27C4F46A0080C3EE /* ImagineItIsHidden.swift in Sources */,
				89A4427927C3EB7D00CADCC0 /* TabBar.swift in Sources */,
				01773F5927CC09FD00D0F58C /* HomeViewProtocol.swift in Sources */,
				01773F4427CB9A6A00D0F58C /* HomePresenter.swift in Sources */,
				0186D91427D0319D00476DE9 /* HomeHeaderPresenter.swift in Sources */,
				01773F6627CC0FF800D0F58C /* RouterMain.swift in Sources */,
				01773F6A27CC13A300D0F58C /* DetailViewController+UICollectionViewDelegate.swift in Sources */,
				01773F5727CC09F100D0F58C /* ViewProtocol.swift in Sources */,
				01773F5227CC097500D0F58C /* DetailViewProtocol.swift in Sources */,
			);
			runOnlyForDeploymentPostprocessing = 0;
		};
/* End PBXSourcesBuildPhase section */

/* Begin PBXVariantGroup section */
		8915A45A27C3E59900B4674C /* LaunchScreen.storyboard */ = {
			isa = PBXVariantGroup;
			children = (
				8915A45B27C3E59900B4674C /* Base */,
			);
			name = LaunchScreen.storyboard;
			sourceTree = "<group>";
		};
/* End PBXVariantGroup section */

/* Begin XCBuildConfiguration section */
		8915A45E27C3E59900B4674C /* Debug */ = {
			isa = XCBuildConfiguration;
			buildSettings = {
				ALWAYS_SEARCH_USER_PATHS = NO;
				CLANG_ANALYZER_NONNULL = YES;
				CLANG_ANALYZER_NUMBER_OBJECT_CONVERSION = YES_AGGRESSIVE;
				CLANG_CXX_LANGUAGE_STANDARD = "gnu++17";
				CLANG_CXX_LIBRARY = "libc++";
				CLANG_ENABLE_MODULES = YES;
				CLANG_ENABLE_OBJC_ARC = YES;
				CLANG_ENABLE_OBJC_WEAK = YES;
				CLANG_WARN_BLOCK_CAPTURE_AUTORELEASING = YES;
				CLANG_WARN_BOOL_CONVERSION = YES;
				CLANG_WARN_COMMA = YES;
				CLANG_WARN_CONSTANT_CONVERSION = YES;
				CLANG_WARN_DEPRECATED_OBJC_IMPLEMENTATIONS = YES;
				CLANG_WARN_DIRECT_OBJC_ISA_USAGE = YES_ERROR;
				CLANG_WARN_DOCUMENTATION_COMMENTS = YES;
				CLANG_WARN_EMPTY_BODY = YES;
				CLANG_WARN_ENUM_CONVERSION = YES;
				CLANG_WARN_INFINITE_RECURSION = YES;
				CLANG_WARN_INT_CONVERSION = YES;
				CLANG_WARN_NON_LITERAL_NULL_CONVERSION = YES;
				CLANG_WARN_OBJC_IMPLICIT_RETAIN_SELF = YES;
				CLANG_WARN_OBJC_LITERAL_CONVERSION = YES;
				CLANG_WARN_OBJC_ROOT_CLASS = YES_ERROR;
				CLANG_WARN_QUOTED_INCLUDE_IN_FRAMEWORK_HEADER = YES;
				CLANG_WARN_RANGE_LOOP_ANALYSIS = YES;
				CLANG_WARN_STRICT_PROTOTYPES = YES;
				CLANG_WARN_SUSPICIOUS_MOVE = YES;
				CLANG_WARN_UNGUARDED_AVAILABILITY = YES_AGGRESSIVE;
				CLANG_WARN_UNREACHABLE_CODE = YES;
				CLANG_WARN__DUPLICATE_METHOD_MATCH = YES;
				COPY_PHASE_STRIP = NO;
				DEBUG_INFORMATION_FORMAT = dwarf;
				ENABLE_STRICT_OBJC_MSGSEND = YES;
				ENABLE_TESTABILITY = YES;
				GCC_C_LANGUAGE_STANDARD = gnu11;
				GCC_DYNAMIC_NO_PIC = NO;
				GCC_NO_COMMON_BLOCKS = YES;
				GCC_OPTIMIZATION_LEVEL = 0;
				GCC_PREPROCESSOR_DEFINITIONS = (
					"DEBUG=1",
					"$(inherited)",
				);
				GCC_WARN_64_TO_32_BIT_CONVERSION = YES;
				GCC_WARN_ABOUT_RETURN_TYPE = YES_ERROR;
				GCC_WARN_UNDECLARED_SELECTOR = YES;
				GCC_WARN_UNINITIALIZED_AUTOS = YES_AGGRESSIVE;
				GCC_WARN_UNUSED_FUNCTION = YES;
				GCC_WARN_UNUSED_VARIABLE = YES;
				IPHONEOS_DEPLOYMENT_TARGET = 15.0;
				MTL_ENABLE_DEBUG_INFO = INCLUDE_SOURCE;
				MTL_FAST_MATH = YES;
				ONLY_ACTIVE_ARCH = YES;
				SDKROOT = iphoneos;
				SWIFT_ACTIVE_COMPILATION_CONDITIONS = DEBUG;
				SWIFT_OPTIMIZATION_LEVEL = "-Onone";
			};
			name = Debug;
		};
		8915A45F27C3E59900B4674C /* Release */ = {
			isa = XCBuildConfiguration;
			buildSettings = {
				ALWAYS_SEARCH_USER_PATHS = NO;
				CLANG_ANALYZER_NONNULL = YES;
				CLANG_ANALYZER_NUMBER_OBJECT_CONVERSION = YES_AGGRESSIVE;
				CLANG_CXX_LANGUAGE_STANDARD = "gnu++17";
				CLANG_CXX_LIBRARY = "libc++";
				CLANG_ENABLE_MODULES = YES;
				CLANG_ENABLE_OBJC_ARC = YES;
				CLANG_ENABLE_OBJC_WEAK = YES;
				CLANG_WARN_BLOCK_CAPTURE_AUTORELEASING = YES;
				CLANG_WARN_BOOL_CONVERSION = YES;
				CLANG_WARN_COMMA = YES;
				CLANG_WARN_CONSTANT_CONVERSION = YES;
				CLANG_WARN_DEPRECATED_OBJC_IMPLEMENTATIONS = YES;
				CLANG_WARN_DIRECT_OBJC_ISA_USAGE = YES_ERROR;
				CLANG_WARN_DOCUMENTATION_COMMENTS = YES;
				CLANG_WARN_EMPTY_BODY = YES;
				CLANG_WARN_ENUM_CONVERSION = YES;
				CLANG_WARN_INFINITE_RECURSION = YES;
				CLANG_WARN_INT_CONVERSION = YES;
				CLANG_WARN_NON_LITERAL_NULL_CONVERSION = YES;
				CLANG_WARN_OBJC_IMPLICIT_RETAIN_SELF = YES;
				CLANG_WARN_OBJC_LITERAL_CONVERSION = YES;
				CLANG_WARN_OBJC_ROOT_CLASS = YES_ERROR;
				CLANG_WARN_QUOTED_INCLUDE_IN_FRAMEWORK_HEADER = YES;
				CLANG_WARN_RANGE_LOOP_ANALYSIS = YES;
				CLANG_WARN_STRICT_PROTOTYPES = YES;
				CLANG_WARN_SUSPICIOUS_MOVE = YES;
				CLANG_WARN_UNGUARDED_AVAILABILITY = YES_AGGRESSIVE;
				CLANG_WARN_UNREACHABLE_CODE = YES;
				CLANG_WARN__DUPLICATE_METHOD_MATCH = YES;
				COPY_PHASE_STRIP = NO;
				DEBUG_INFORMATION_FORMAT = "dwarf-with-dsym";
				ENABLE_NS_ASSERTIONS = NO;
				ENABLE_STRICT_OBJC_MSGSEND = YES;
				GCC_C_LANGUAGE_STANDARD = gnu11;
				GCC_NO_COMMON_BLOCKS = YES;
				GCC_WARN_64_TO_32_BIT_CONVERSION = YES;
				GCC_WARN_ABOUT_RETURN_TYPE = YES_ERROR;
				GCC_WARN_UNDECLARED_SELECTOR = YES;
				GCC_WARN_UNINITIALIZED_AUTOS = YES_AGGRESSIVE;
				GCC_WARN_UNUSED_FUNCTION = YES;
				GCC_WARN_UNUSED_VARIABLE = YES;
				IPHONEOS_DEPLOYMENT_TARGET = 15.0;
				MTL_ENABLE_DEBUG_INFO = NO;
				MTL_FAST_MATH = YES;
				SDKROOT = iphoneos;
				SWIFT_COMPILATION_MODE = wholemodule;
				SWIFT_OPTIMIZATION_LEVEL = "-O";
				VALIDATE_PRODUCT = YES;
			};
			name = Release;
		};
		8915A46127C3E59900B4674C /* Debug */ = {
			isa = XCBuildConfiguration;
			baseConfigurationReference = DAA9F1E6F72BE3163C37CFE1 /* Pods-MovieApp.debug.xcconfig */;
			buildSettings = {
				ASSETCATALOG_COMPILER_APPICON_NAME = AppIcon;
				ASSETCATALOG_COMPILER_GLOBAL_ACCENT_COLOR_NAME = AccentColor;
				CODE_SIGN_STYLE = Automatic;
				CURRENT_PROJECT_VERSION = 1;
				DEVELOPMENT_TEAM = D3M2362AJ6;
				GENERATE_INFOPLIST_FILE = YES;
				INFOPLIST_FILE = MovieApp/Info.plist;
				INFOPLIST_KEY_UIApplicationSupportsIndirectInputEvents = YES;
				INFOPLIST_KEY_UILaunchStoryboardName = LaunchScreen;
				INFOPLIST_KEY_UISupportedInterfaceOrientations = UIInterfaceOrientationPortrait;
				INFOPLIST_KEY_UISupportedInterfaceOrientations_iPad = "UIInterfaceOrientationPortrait UIInterfaceOrientationPortraitUpsideDown UIInterfaceOrientationLandscapeLeft UIInterfaceOrientationLandscapeRight";
				INFOPLIST_KEY_UISupportedInterfaceOrientations_iPhone = "UIInterfaceOrientationPortrait UIInterfaceOrientationLandscapeLeft UIInterfaceOrientationLandscapeRight";
				LD_RUNPATH_SEARCH_PATHS = (
					"$(inherited)",
					"@executable_path/Frameworks",
				);
				MARKETING_VERSION = 1.0;
				PRODUCT_BUNDLE_IDENTIFIER = com.shanidzeann.MovieApp;
				PRODUCT_NAME = "$(TARGET_NAME)";
				SWIFT_EMIT_LOC_STRINGS = YES;
				SWIFT_VERSION = 5.0;
				TARGETED_DEVICE_FAMILY = 1;
			};
			name = Debug;
		};
		8915A46227C3E59900B4674C /* Release */ = {
			isa = XCBuildConfiguration;
			baseConfigurationReference = B7F35ED29D9693BBD9C3B3B4 /* Pods-MovieApp.release.xcconfig */;
			buildSettings = {
				ASSETCATALOG_COMPILER_APPICON_NAME = AppIcon;
				ASSETCATALOG_COMPILER_GLOBAL_ACCENT_COLOR_NAME = AccentColor;
				CODE_SIGN_STYLE = Automatic;
				CURRENT_PROJECT_VERSION = 1;
				DEVELOPMENT_TEAM = D3M2362AJ6;
				GENERATE_INFOPLIST_FILE = YES;
				INFOPLIST_FILE = MovieApp/Info.plist;
				INFOPLIST_KEY_UIApplicationSupportsIndirectInputEvents = YES;
				INFOPLIST_KEY_UILaunchStoryboardName = LaunchScreen;
				INFOPLIST_KEY_UISupportedInterfaceOrientations = UIInterfaceOrientationPortrait;
				INFOPLIST_KEY_UISupportedInterfaceOrientations_iPad = "UIInterfaceOrientationPortrait UIInterfaceOrientationPortraitUpsideDown UIInterfaceOrientationLandscapeLeft UIInterfaceOrientationLandscapeRight";
				INFOPLIST_KEY_UISupportedInterfaceOrientations_iPhone = "UIInterfaceOrientationPortrait UIInterfaceOrientationLandscapeLeft UIInterfaceOrientationLandscapeRight";
				LD_RUNPATH_SEARCH_PATHS = (
					"$(inherited)",
					"@executable_path/Frameworks",
				);
				MARKETING_VERSION = 1.0;
				PRODUCT_BUNDLE_IDENTIFIER = com.shanidzeann.MovieApp;
				PRODUCT_NAME = "$(TARGET_NAME)";
				SWIFT_EMIT_LOC_STRINGS = YES;
				SWIFT_VERSION = 5.0;
				TARGETED_DEVICE_FAMILY = 1;
			};
			name = Release;
		};
/* End XCBuildConfiguration section */

/* Begin XCConfigurationList section */
		8915A44727C3E59700B4674C /* Build configuration list for PBXProject "MovieApp" */ = {
			isa = XCConfigurationList;
			buildConfigurations = (
				8915A45E27C3E59900B4674C /* Debug */,
				8915A45F27C3E59900B4674C /* Release */,
			);
			defaultConfigurationIsVisible = 0;
			defaultConfigurationName = Release;
		};
		8915A46027C3E59900B4674C /* Build configuration list for PBXNativeTarget "MovieApp" */ = {
			isa = XCConfigurationList;
			buildConfigurations = (
				8915A46127C3E59900B4674C /* Debug */,
				8915A46227C3E59900B4674C /* Release */,
			);
			defaultConfigurationIsVisible = 0;
			defaultConfigurationName = Release;
		};
/* End XCConfigurationList section */
	};
	rootObject = 8915A44427C3E59700B4674C /* Project object */;
}
